
Microsoft Visual Studio Solution File, Format Version 12.00
# Visual Studio Version 17
VisualStudioVersion = 17.0.31903.59
MinimumVisualStudioVersion = 10.0.40219.1
Project("{2150E333-8FDC-42A3-9474-1A3956D46DE8}") = "tests", "tests", "{0AB3BF05-4346-4AA6-1389-037BE0695223}"
EndProject
Project("{FAE04EC0-301F-11D3-BF4B-00C04F79EFBC}") = "Prima.Tests", "tests\Prima.Tests\Prima.Tests.csproj", "{C7E322FA-513E-4BF0-8674-E3309B317540}"
EndProject
Project("{FAE04EC0-301F-11D3-BF4B-00C04F79EFBC}") = "Prima.Network", "src\Prima.Network\Prima.Network.csproj", "{9E6C347E-A25E-4F38-969F-0AFF8139728B}"
EndProject
Project("{FAE04EC0-301F-11D3-BF4B-00C04F79EFBC}") = "Prima.Server", "src\Prima.Server\Prima.Server.csproj", "{1CE36C34-0E2A-4233-A45C-C99B9185D161}"
EndProject
Project("{FAE04EC0-301F-11D3-BF4B-00C04F79EFBC}") = "Prima.Core.Server", "src\Prima.Core.Server\Prima.Core.Server.csproj", "{64B1D2F9-811A-463F-828B-38E5541768CC}"
EndProject
Project("{FAE04EC0-301F-11D3-BF4B-00C04F79EFBC}") = "Prima.Tcp.Test", "src\Prima.Tcp.Test\Prima.Tcp.Test.csproj", "{4F27C946-61BE-4C93-B3A4-D565B55982B3}"
EndProject
Project("{FAE04EC0-301F-11D3-BF4B-00C04F79EFBC}") = "Prima.UOData", "src\Prima.UOData\Prima.UOData.csproj", "{174F3943-CC41-419F-9599-BFD6DF5B756F}"
EndProject
Global
	GlobalSection(SolutionConfigurationPlatforms) = preSolution
		Debug|Any CPU = Debug|Any CPU
		Debug|x64 = Debug|x64
		Debug|x86 = Debug|x86
		Release|Any CPU = Release|Any CPU
		Release|x64 = Release|x64
		Release|x86 = Release|x86
	EndGlobalSection
	GlobalSection(ProjectConfigurationPlatforms) = postSolution
		{C7E322FA-513E-4BF0-8674-E3309B317540}.Debug|Any CPU.ActiveCfg = Debug|Any CPU
		{C7E322FA-513E-4BF0-8674-E3309B317540}.Debug|Any CPU.Build.0 = Debug|Any CPU
		{C7E322FA-513E-4BF0-8674-E3309B317540}.Debug|x64.ActiveCfg = Debug|Any CPU
		{C7E322FA-513E-4BF0-8674-E3309B317540}.Debug|x64.Build.0 = Debug|Any CPU
		{C7E322FA-513E-4BF0-8674-E3309B317540}.Debug|x86.ActiveCfg = Debug|Any CPU
		{C7E322FA-513E-4BF0-8674-E3309B317540}.Debug|x86.Build.0 = Debug|Any CPU
		{C7E322FA-513E-4BF0-8674-E3309B317540}.Release|Any CPU.ActiveCfg = Release|Any CPU
		{C7E322FA-513E-4BF0-8674-E3309B317540}.Release|Any CPU.Build.0 = Release|Any CPU
		{C7E322FA-513E-4BF0-8674-E3309B317540}.Release|x64.ActiveCfg = Release|Any CPU
		{C7E322FA-513E-4BF0-8674-E3309B317540}.Release|x64.Build.0 = Release|Any CPU
		{C7E322FA-513E-4BF0-8674-E3309B317540}.Release|x86.ActiveCfg = Release|Any CPU
		{C7E322FA-513E-4BF0-8674-E3309B317540}.Release|x86.Build.0 = Release|Any CPU
		{9E6C347E-A25E-4F38-969F-0AFF8139728B}.Debug|Any CPU.ActiveCfg = Debug|Any CPU
		{9E6C347E-A25E-4F38-969F-0AFF8139728B}.Debug|Any CPU.Build.0 = Debug|Any CPU
		{9E6C347E-A25E-4F38-969F-0AFF8139728B}.Debug|x64.ActiveCfg = Debug|Any CPU
		{9E6C347E-A25E-4F38-969F-0AFF8139728B}.Debug|x64.Build.0 = Debug|Any CPU
		{9E6C347E-A25E-4F38-969F-0AFF8139728B}.Debug|x86.ActiveCfg = Debug|Any CPU
		{9E6C347E-A25E-4F38-969F-0AFF8139728B}.Debug|x86.Build.0 = Debug|Any CPU
		{9E6C347E-A25E-4F38-969F-0AFF8139728B}.Release|Any CPU.ActiveCfg = Release|Any CPU
		{9E6C347E-A25E-4F38-969F-0AFF8139728B}.Release|Any CPU.Build.0 = Release|Any CPU
		{9E6C347E-A25E-4F38-969F-0AFF8139728B}.Release|x64.ActiveCfg = Release|Any CPU
		{9E6C347E-A25E-4F38-969F-0AFF8139728B}.Release|x64.Build.0 = Release|Any CPU
		{9E6C347E-A25E-4F38-969F-0AFF8139728B}.Release|x86.ActiveCfg = Release|Any CPU
		{9E6C347E-A25E-4F38-969F-0AFF8139728B}.Release|x86.Build.0 = Release|Any CPU
		{1CE36C34-0E2A-4233-A45C-C99B9185D161}.Debug|Any CPU.ActiveCfg = Debug|Any CPU
		{1CE36C34-0E2A-4233-A45C-C99B9185D161}.Debug|Any CPU.Build.0 = Debug|Any CPU
		{1CE36C34-0E2A-4233-A45C-C99B9185D161}.Debug|x64.ActiveCfg = Debug|Any CPU
		{1CE36C34-0E2A-4233-A45C-C99B9185D161}.Debug|x64.Build.0 = Debug|Any CPU
		{1CE36C34-0E2A-4233-A45C-C99B9185D161}.Debug|x86.ActiveCfg = Debug|Any CPU
		{1CE36C34-0E2A-4233-A45C-C99B9185D161}.Debug|x86.Build.0 = Debug|Any CPU
		{1CE36C34-0E2A-4233-A45C-C99B9185D161}.Release|Any CPU.ActiveCfg = Release|Any CPU
		{1CE36C34-0E2A-4233-A45C-C99B9185D161}.Release|Any CPU.Build.0 = Release|Any CPU
		{1CE36C34-0E2A-4233-A45C-C99B9185D161}.Release|x64.ActiveCfg = Release|Any CPU
		{1CE36C34-0E2A-4233-A45C-C99B9185D161}.Release|x64.Build.0 = Release|Any CPU
		{1CE36C34-0E2A-4233-A45C-C99B9185D161}.Release|x86.ActiveCfg = Release|Any CPU
		{1CE36C34-0E2A-4233-A45C-C99B9185D161}.Release|x86.Build.0 = Release|Any CPU
		{64B1D2F9-811A-463F-828B-38E5541768CC}.Debug|Any CPU.ActiveCfg = Debug|Any CPU
		{64B1D2F9-811A-463F-828B-38E5541768CC}.Debug|Any CPU.Build.0 = Debug|Any CPU
		{64B1D2F9-811A-463F-828B-38E5541768CC}.Debug|x64.ActiveCfg = Debug|Any CPU
		{64B1D2F9-811A-463F-828B-38E5541768CC}.Debug|x64.Build.0 = Debug|Any CPU
		{64B1D2F9-811A-463F-828B-38E5541768CC}.Debug|x86.ActiveCfg = Debug|Any CPU
		{64B1D2F9-811A-463F-828B-38E5541768CC}.Debug|x86.Build.0 = Debug|Any CPU
		{64B1D2F9-811A-463F-828B-38E5541768CC}.Release|Any CPU.ActiveCfg = Release|Any CPU
		{64B1D2F9-811A-463F-828B-38E5541768CC}.Release|Any CPU.Build.0 = Release|Any CPU
		{64B1D2F9-811A-463F-828B-38E5541768CC}.Release|x64.ActiveCfg = Release|Any CPU
		{64B1D2F9-811A-463F-828B-38E5541768CC}.Release|x64.Build.0 = Release|Any CPU
		{64B1D2F9-811A-463F-828B-38E5541768CC}.Release|x86.ActiveCfg = Release|Any CPU
		{64B1D2F9-811A-463F-828B-38E5541768CC}.Release|x86.Build.0 = Release|Any CPU
		{4F27C946-61BE-4C93-B3A4-D565B55982B3}.Debug|Any CPU.ActiveCfg = Debug|Any CPU
		{4F27C946-61BE-4C93-B3A4-D565B55982B3}.Debug|Any CPU.Build.0 = Debug|Any CPU
		{4F27C946-61BE-4C93-B3A4-D565B55982B3}.Debug|x64.ActiveCfg = Debug|Any CPU
		{4F27C946-61BE-4C93-B3A4-D565B55982B3}.Debug|x64.Build.0 = Debug|Any CPU
		{4F27C946-61BE-4C93-B3A4-D565B55982B3}.Debug|x86.ActiveCfg = Debug|Any CPU
		{4F27C946-61BE-4C93-B3A4-D565B55982B3}.Debug|x86.Build.0 = Debug|Any CPU
		{4F27C946-61BE-4C93-B3A4-D565B55982B3}.Release|Any CPU.ActiveCfg = Release|Any CPU
		{4F27C946-61BE-4C93-B3A4-D565B55982B3}.Release|Any CPU.Build.0 = Release|Any CPU
		{4F27C946-61BE-4C93-B3A4-D565B55982B3}.Release|x64.ActiveCfg = Release|Any CPU
		{4F27C946-61BE-4C93-B3A4-D565B55982B3}.Release|x64.Build.0 = Release|Any CPU
		{4F27C946-61BE-4C93-B3A4-D565B55982B3}.Release|x86.ActiveCfg = Release|Any CPU
		{4F27C946-61BE-4C93-B3A4-D565B55982B3}.Release|x86.Build.0 = Release|Any CPU
		{174F3943-CC41-419F-9599-BFD6DF5B756F}.Debug|Any CPU.ActiveCfg = Debug|Any CPU
		{174F3943-CC41-419F-9599-BFD6DF5B756F}.Debug|Any CPU.Build.0 = Debug|Any CPU
		{174F3943-CC41-419F-9599-BFD6DF5B756F}.Debug|x64.ActiveCfg = Debug|Any CPU
		{174F3943-CC41-419F-9599-BFD6DF5B756F}.Debug|x64.Build.0 = Debug|Any CPU
		{174F3943-CC41-419F-9599-BFD6DF5B756F}.Debug|x86.ActiveCfg = Debug|Any CPU
		{174F3943-CC41-419F-9599-BFD6DF5B756F}.Debug|x86.Build.0 = Debug|Any CPU
		{174F3943-CC41-419F-9599-BFD6DF5B756F}.Release|Any CPU.ActiveCfg = Release|Any CPU
		{174F3943-CC41-419F-9599-BFD6DF5B756F}.Release|Any CPU.Build.0 = Release|Any CPU
		{174F3943-CC41-419F-9599-BFD6DF5B756F}.Release|x64.ActiveCfg = Release|Any CPU
		{174F3943-CC41-419F-9599-BFD6DF5B756F}.Release|x64.Build.0 = Release|Any CPU
		{174F3943-CC41-419F-9599-BFD6DF5B756F}.Release|x86.ActiveCfg = Release|Any CPU
		{174F3943-CC41-419F-9599-BFD6DF5B756F}.Release|x86.Build.0 = Release|Any CPU
	EndGlobalSection
	GlobalSection(SolutionProperties) = preSolution
		HideSolutionNode = FALSE
	EndGlobalSection
	GlobalSection(NestedProjects) = preSolution
		{C7E322FA-513E-4BF0-8674-E3309B317540} = {0AB3BF05-4346-4AA6-1389-037BE0695223}
	EndGlobalSection
EndGlobal
